
Microsoft Visual Studio Solution File, Format Version 12.00
# Visual Studio 14
VisualStudioVersion = 14.0.24720.0
MinimumVisualStudioVersion = 10.0.40219.1
Project("{8BC9CEB8-8B4A-11D0-8D11-00A0C91BC942}") = "Launcher", "Client\Launcher\Launcher.vcxproj", "{1355993D-A511-4223-95E6-17903C3D9E35}"
EndProject
Project("{2150E333-8FDC-42A3-9474-1A3956D46DE8}") = "Client", "Client", "{D87749AE-8C6D-458B-9FB9-4C5D4F8E63C7}"
EndProject
Project("{8BC9CEB8-8B4A-11D0-8D11-00A0C91BC942}") = "Core", "Client\Core\Core.vcxproj", "{91C52AB9-8ABE-49A1-B2A1-13124A6FE031}"
EndProject
Project("{8BC9CEB8-8B4A-11D0-8D11-00A0C91BC942}") = "Shared", "Shared\Shared.vcxproj", "{AD832536-826D-4971-B107-CB0701E31EDE}"
EndProject
Global
	GlobalSection(SolutionConfigurationPlatforms) = preSolution
		Debug|x64 = Debug|x64
		Debug|x86 = Debug|x86
		Release|x64 = Release|x64
		Release|x86 = Release|x86
	EndGlobalSection
	GlobalSection(ProjectConfigurationPlatforms) = postSolution
		{1355993D-A511-4223-95E6-17903C3D9E35}.Debug|x64.ActiveCfg = Debug|x64
		{1355993D-A511-4223-95E6-17903C3D9E35}.Debug|x64.Build.0 = Debug|x64
		{1355993D-A511-4223-95E6-17903C3D9E35}.Debug|x86.ActiveCfg = Debug|Win32
		{1355993D-A511-4223-95E6-17903C3D9E35}.Debug|x86.Build.0 = Debug|Win32
		{1355993D-A511-4223-95E6-17903C3D9E35}.Release|x64.ActiveCfg = Release|x64
		{1355993D-A511-4223-95E6-17903C3D9E35}.Release|x64.Build.0 = Release|x64
		{1355993D-A511-4223-95E6-17903C3D9E35}.Release|x86.ActiveCfg = Release|Win32
		{1355993D-A511-4223-95E6-17903C3D9E35}.Release|x86.Build.0 = Release|Win32
		{91C52AB9-8ABE-49A1-B2A1-13124A6FE031}.Debug|x64.ActiveCfg = Debug|x64
		{91C52AB9-8ABE-49A1-B2A1-13124A6FE031}.Debug|x64.Build.0 = Debug|x64
		{91C52AB9-8ABE-49A1-B2A1-13124A6FE031}.Debug|x86.ActiveCfg = Debug|Win32
		{91C52AB9-8ABE-49A1-B2A1-13124A6FE031}.Debug|x86.Build.0 = Debug|Win32
		{91C52AB9-8ABE-49A1-B2A1-13124A6FE031}.Release|x64.ActiveCfg = Release|x64
		{91C52AB9-8ABE-49A1-B2A1-13124A6FE031}.Release|x64.Build.0 = Release|x64
		{91C52AB9-8ABE-49A1-B2A1-13124A6FE031}.Release|x86.ActiveCfg = Release|Win32
		{91C52AB9-8ABE-49A1-B2A1-13124A6FE031}.Release|x86.Build.0 = Release|Win32
		{AD832536-826D-4971-B107-CB0701E31EDE}.Debug|x64.ActiveCfg = Debug|Win32
		{AD832536-826D-4971-B107-CB0701E31EDE}.Debug|x86.ActiveCfg = Debug|Win32
		{AD832536-826D-4971-B107-CB0701E31EDE}.Debug|x86.Build.0 = Debug|Win32
		{AD832536-826D-4971-B107-CB0701E31EDE}.Release|x64.ActiveCfg = Release|Win32
		{AD832536-826D-4971-B107-CB0701E31EDE}.Release|x86.ActiveCfg = Release|Win32
		{AD832536-826D-4971-B107-CB0701E31EDE}.Release|x86.Build.0 = Release|Win32
	EndGlobalSection
	GlobalSection(SolutionProperties) = preSolution
		HideSolutionNode = FALSE
	EndGlobalSection
	GlobalSection(NestedProjects) = preSolution
		{1355993D-A511-4223-95E6-17903C3D9E35} = {D87749AE-8C6D-458B-9FB9-4C5D4F8E63C7}
		{91C52AB9-8ABE-49A1-B2A1-13124A6FE031} = {D87749AE-8C6D-458B-9FB9-4C5D4F8E63C7}
	EndGlobalSection
EndGlobal
